// !$*UTF8*$!
{
	archiveVersion = 1;
	classes = {
	};
	objectVersion = 46;
	objects = {

/* Begin PBXBuildFile section */
		928239D51DA4720E00D04DEC /* AppDelegate.swift in Sources */ = {isa = PBXBuildFile; fileRef = 928239D41DA4720E00D04DEC /* AppDelegate.swift */; };
		928239D71DA4720E00D04DEC /* ViewController.swift in Sources */ = {isa = PBXBuildFile; fileRef = 928239D61DA4720E00D04DEC /* ViewController.swift */; };
		928239DA1DA4720E00D04DEC /* Main.storyboard in Resources */ = {isa = PBXBuildFile; fileRef = 928239D81DA4720E00D04DEC /* Main.storyboard */; };
		928239DD1DA4720E00D04DEC /* Pokedex.xcdatamodeld in Sources */ = {isa = PBXBuildFile; fileRef = 928239DB1DA4720E00D04DEC /* Pokedex.xcdatamodeld */; };
		928239DF1DA4720E00D04DEC /* Assets.xcassets in Resources */ = {isa = PBXBuildFile; fileRef = 928239DE1DA4720E00D04DEC /* Assets.xcassets */; };
		928239E21DA4720E00D04DEC /* LaunchScreen.storyboard in Resources */ = {isa = PBXBuildFile; fileRef = 928239E01DA4720E00D04DEC /* LaunchScreen.storyboard */; };
		928239EA1DA476CE00D04DEC /* pokemon.csv in Resources */ = {isa = PBXBuildFile; fileRef = 928239E91DA476CE00D04DEC /* pokemon.csv */; };
		928239EF1DA4792000D04DEC /* Pokemon.swift in Sources */ = {isa = PBXBuildFile; fileRef = 928239EE1DA4792000D04DEC /* Pokemon.swift */; };
/* End PBXBuildFile section */

/* Begin PBXFileReference section */
		928239D11DA4720E00D04DEC /* Pokedex.app */ = {isa = PBXFileReference; explicitFileType = wrapper.application; includeInIndex = 0; path = Pokedex.app; sourceTree = BUILT_PRODUCTS_DIR; };
		928239D41DA4720E00D04DEC /* AppDelegate.swift */ = {isa = PBXFileReference; lastKnownFileType = sourcecode.swift; path = AppDelegate.swift; sourceTree = "<group>"; };
		928239D61DA4720E00D04DEC /* ViewController.swift */ = {isa = PBXFileReference; lastKnownFileType = sourcecode.swift; path = ViewController.swift; sourceTree = "<group>"; };
		928239D91DA4720E00D04DEC /* Base */ = {isa = PBXFileReference; lastKnownFileType = file.storyboard; name = Base; path = Base.lproj/Main.storyboard; sourceTree = "<group>"; };
		928239DC1DA4720E00D04DEC /* Pokedex.xcdatamodel */ = {isa = PBXFileReference; lastKnownFileType = wrapper.xcdatamodel; path = Pokedex.xcdatamodel; sourceTree = "<group>"; };
		928239DE1DA4720E00D04DEC /* Assets.xcassets */ = {isa = PBXFileReference; lastKnownFileType = folder.assetcatalog; path = Assets.xcassets; sourceTree = "<group>"; };
		928239E11DA4720E00D04DEC /* Base */ = {isa = PBXFileReference; lastKnownFileType = file.storyboard; name = Base; path = Base.lproj/LaunchScreen.storyboard; sourceTree = "<group>"; };
		928239E31DA4720E00D04DEC /* Info.plist */ = {isa = PBXFileReference; lastKnownFileType = text.plist.xml; path = Info.plist; sourceTree = "<group>"; };
		928239E91DA476CE00D04DEC /* pokemon.csv */ = {isa = PBXFileReference; fileEncoding = 4; lastKnownFileType = text; path = pokemon.csv; sourceTree = "<group>"; };
		928239EE1DA4792000D04DEC /* Pokemon.swift */ = {isa = PBXFileReference; fileEncoding = 4; lastKnownFileType = sourcecode.swift; path = Pokemon.swift; sourceTree = "<group>"; };
/* End PBXFileReference section */

/* Begin PBXFrameworksBuildPhase section */
		928239CE1DA4720D00D04DEC /* Frameworks */ = {
			isa = PBXFrameworksBuildPhase;
			buildActionMask = 2147483647;
			files = (
			);
			runOnlyForDeploymentPostprocessing = 0;
		};
/* End PBXFrameworksBuildPhase section */

/* Begin PBXGroup section */
		928239C81DA4720D00D04DEC = {
			isa = PBXGroup;
			children = (
				928239D31DA4720E00D04DEC /* Pokedex */,
				928239D21DA4720E00D04DEC /* Products */,
			);
			sourceTree = "<group>";
		};
		928239D21DA4720E00D04DEC /* Products */ = {
			isa = PBXGroup;
			children = (
				928239D11DA4720E00D04DEC /* Pokedex.app */,
			);
			name = Products;
			sourceTree = "<group>";
		};
		928239D31DA4720E00D04DEC /* Pokedex */ = {
			isa = PBXGroup;
			children = (
				928239EB1DA478E600D04DEC /* Controller */,
				928239ED1DA478F900D04DEC /* Model */,
				928239EC1DA478F100D04DEC /* View */,
				928239D41DA4720E00D04DEC /* AppDelegate.swift */,
				928239DE1DA4720E00D04DEC /* Assets.xcassets */,
				928239E31DA4720E00D04DEC /* Info.plist */,
				928239DB1DA4720E00D04DEC /* Pokedex.xcdatamodeld */,
			);
			path = Pokedex;
			sourceTree = "<group>";
		};
		928239EB1DA478E600D04DEC /* Controller */ = {
			isa = PBXGroup;
			children = (
				928239D61DA4720E00D04DEC /* ViewController.swift */,
			);
			name = Controller;
			sourceTree = "<group>";
		};
		928239EC1DA478F100D04DEC /* View */ = {
			isa = PBXGroup;
			children = (
				928239D81DA4720E00D04DEC /* Main.storyboard */,
				928239E01DA4720E00D04DEC /* LaunchScreen.storyboard */,
			);
			name = View;
			sourceTree = "<group>";
		};
		928239ED1DA478F900D04DEC /* Model */ = {
			isa = PBXGroup;
			children = (
				928239E91DA476CE00D04DEC /* pokemon.csv */,
				928239EE1DA4792000D04DEC /* Pokemon.swift */,
			);
			name = Model;
			sourceTree = "<group>";
		};
/* End PBXGroup section */

/* Begin PBXNativeTarget section */
		928239D01DA4720D00D04DEC /* Pokedex */ = {
			isa = PBXNativeTarget;
			buildConfigurationList = 928239E61DA4720E00D04DEC /* Build configuration list for PBXNativeTarget "Pokedex" */;
			buildPhases = (
				928239CD1DA4720D00D04DEC /* Sources */,
				928239CE1DA4720D00D04DEC /* Frameworks */,
				928239CF1DA4720D00D04DEC /* Resources */,
			);
			buildRules = (
			);
			dependencies = (
			);
			name = Pokedex;
			productName = Pokedex;
			productReference = 928239D11DA4720E00D04DEC /* Pokedex.app */;
			productType = "com.apple.product-type.application";
		};
/* End PBXNativeTarget section */

/* Begin PBXProject section */
		928239C91DA4720D00D04DEC /* Project object */ = {
			isa = PBXProject;
			attributes = {
				LastSwiftUpdateCheck = 0800;
				LastUpgradeCheck = 0800;
				ORGANIZATIONNAME = "Anthony Whitaker";
				TargetAttributes = {
					928239D01DA4720D00D04DEC = {
						CreatedOnToolsVersion = 8.0;
						DevelopmentTeam = VL7RZNELL8;
						ProvisioningStyle = Automatic;
					};
				};
			};
			buildConfigurationList = 928239CC1DA4720D00D04DEC /* Build configuration list for PBXProject "Pokedex" */;
			compatibilityVersion = "Xcode 3.2";
			developmentRegion = English;
			hasScannedForEncodings = 0;
			knownRegions = (
				en,
				Base,
			);
			mainGroup = 928239C81DA4720D00D04DEC;
			productRefGroup = 928239D21DA4720E00D04DEC /* Products */;
			projectDirPath = "";
			projectRoot = "";
			targets = (
				928239D01DA4720D00D04DEC /* Pokedex */,
			);
		};
/* End PBXProject section */

/* Begin PBXResourcesBuildPhase section */
		928239CF1DA4720D00D04DEC /* Resources */ = {
			isa = PBXResourcesBuildPhase;
			buildActionMask = 2147483647;
			files = (
				928239E21DA4720E00D04DEC /* LaunchScreen.storyboard in Resources */,
				928239DF1DA4720E00D04DEC /* Assets.xcassets in Resources */,
				928239EA1DA476CE00D04DEC /* pokemon.csv in Resources */,
				928239DA1DA4720E00D04DEC /* Main.storyboard in Resources */,
			);
			runOnlyForDeploymentPostprocessing = 0;
		};
/* End PBXResourcesBuildPhase section */

/* Begin PBXSourcesBuildPhase section */
		928239CD1DA4720D00D04DEC /* Sources */ = {
			isa = PBXSourcesBuildPhase;
			buildActionMask = 2147483647;
			files = (
				928239D71DA4720E00D04DEC /* ViewController.swift in Sources */,
				928239EF1DA4792000D04DEC /* Pokemon.swift in Sources */,
				928239DD1DA4720E00D04DEC /* Pokedex.xcdatamodeld in Sources */,
				928239D51DA4720E00D04DEC /* AppDelegate.swift in Sources */,
			);
			runOnlyForDeploymentPostprocessing = 0;
		};
/* End PBXSourcesBuildPhase section */

/* Begin PBXVariantGroup section */
		928239D81DA4720E00D04DEC /* Main.storyboard */ = {
			isa = PBXVariantGroup;
			children = (
				928239D91DA4720E00D04DEC /* Base */,
			);
			name = Main.storyboard;
			sourceTree = "<group>";
		};
		928239E01DA4720E00D04DEC /* LaunchScreen.storyboard */ = {
			isa = PBXVariantGroup;
			children = (
				928239E11DA4720E00D04DEC /* Base */,
			);
			name = LaunchScreen.storyboard;
			sourceTree = "<group>";
		};
/* End PBXVariantGroup section */

/* Begin XCBuildConfiguration section */
		928239E41DA4720E00D04DEC /* Debug */ = {
			isa = XCBuildConfiguration;
			buildSettings = {
				ALWAYS_SEARCH_USER_PATHS = NO;
				CLANG_ANALYZER_NONNULL = YES;
				CLANG_CXX_LANGUAGE_STANDARD = "gnu++0x";
				CLANG_CXX_LIBRARY = "libc++";
				CLANG_ENABLE_MODULES = YES;
				CLANG_ENABLE_OBJC_ARC = YES;
				CLANG_WARN_BOOL_CONVERSION = YES;
				CLANG_WARN_CONSTANT_CONVERSION = YES;
				CLANG_WARN_DIRECT_OBJC_ISA_USAGE = YES_ERROR;
				CLANG_WARN_DOCUMENTATION_COMMENTS = YES;
				CLANG_WARN_EMPTY_BODY = YES;
				CLANG_WARN_ENUM_CONVERSION = YES;
				CLANG_WARN_INFINITE_RECURSION = YES;
				CLANG_WARN_INT_CONVERSION = YES;
				CLANG_WARN_OBJC_ROOT_CLASS = YES_ERROR;
				CLANG_WARN_SUSPICIOUS_MOVES = YES;
				CLANG_WARN_UNREACHABLE_CODE = YES;
				CLANG_WARN__DUPLICATE_METHOD_MATCH = YES;
				"CODE_SIGN_IDENTITY[sdk=iphoneos*]" = "iPhone Developer";
				COPY_PHASE_STRIP = NO;
				DEBUG_INFORMATION_FORMAT = dwarf;
				ENABLE_STRICT_OBJC_MSGSEND = YES;
				ENABLE_TESTABILITY = YES;
				GCC_C_LANGUAGE_STANDARD = gnu99;
				GCC_DYNAMIC_NO_PIC = NO;
				GCC_NO_COMMON_BLOCKS = YES;
				GCC_OPTIMIZATION_LEVEL = 0;
				GCC_PREPROCESSOR_DEFINITIONS = (
					"DEBUG=1",
					"$(inherited)",
				);
				GCC_WARN_64_TO_32_BIT_CONVERSION = YES;
				GCC_WARN_ABOUT_RETURN_TYPE = YES_ERROR;
				GCC_WARN_UNDECLARED_SELECTOR = YES;
				GCC_WARN_UNINITIALIZED_AUTOS = YES_AGGRESSIVE;
				GCC_WARN_UNUSED_FUNCTION = YES;
				GCC_WARN_UNUSED_VARIABLE = YES;
				IPHONEOS_DEPLOYMENT_TARGET = 10.0;
				MTL_ENABLE_DEBUG_INFO = YES;
				ONLY_ACTIVE_ARCH = YES;
				SDKROOT = iphoneos;
				SWIFT_ACTIVE_COMPILATION_CONDITIONS = DEBUG;
				SWIFT_OPTIMIZATION_LEVEL = "-Onone";
			};
			name = Debug;
		};
		928239E51DA4720E00D04DEC /* Release */ = {
			isa = XCBuildConfiguration;
			buildSettings = {
				ALWAYS_SEARCH_USER_PATHS = NO;
				CLANG_ANALYZER_NONNULL = YES;
				CLANG_CXX_LANGUAGE_STANDARD = "gnu++0x";
				CLANG_CXX_LIBRARY = "libc++";
				CLANG_ENABLE_MODULES = YES;
				CLANG_ENABLE_OBJC_ARC = YES;
				CLANG_WARN_BOOL_CONVERSION = YES;
				CLANG_WARN_CONSTANT_CONVERSION = YES;
				CLANG_WARN_DIRECT_OBJC_ISA_USAGE = YES_ERROR;
				CLANG_WARN_DOCUMENTATION_COMMENTS = YES;
				CLANG_WARN_EMPTY_BODY = YES;
				CLANG_WARN_ENUM_CONVERSION = YES;
				CLANG_WARN_INFINITE_RECURSION = YES;
				CLANG_WARN_INT_CONVERSION = YES;
				CLANG_WARN_OBJC_ROOT_CLASS = YES_ERROR;
				CLANG_WARN_SUSPICIOUS_MOVES = YES;
				CLANG_WARN_UNREACHABLE_CODE = YES;
				CLANG_WARN__DUPLICATE_METHOD_MATCH = YES;
				"CODE_SIGN_IDENTITY[sdk=iphoneos*]" = "iPhone Developer";
				COPY_PHASE_STRIP = NO;
				DEBUG_INFORMATION_FORMAT = "dwarf-with-dsym";
				ENABLE_NS_ASSERTIONS = NO;
				ENABLE_STRICT_OBJC_MSGSEND = YES;
				GCC_C_LANGUAGE_STANDARD = gnu99;
				GCC_NO_COMMON_BLOCKS = YES;
				GCC_WARN_64_TO_32_BIT_CONVERSION = YES;
				GCC_WARN_ABOUT_RETURN_TYPE = YES_ERROR;
				GCC_WARN_UNDECLARED_SELECTOR = YES;
				GCC_WARN_UNINITIALIZED_AUTOS = YES_AGGRESSIVE;
				GCC_WARN_UNUSED_FUNCTION = YES;
				GCC_WARN_UNUSED_VARIABLE = YES;
				IPHONEOS_DEPLOYMENT_TARGET = 10.0;
				MTL_ENABLE_DEBUG_INFO = NO;
				SDKROOT = iphoneos;
				SWIFT_OPTIMIZATION_LEVEL = "-Owholemodule";
				VALIDATE_PRODUCT = YES;
			};
			name = Release;
		};
		928239E71DA4720E00D04DEC /* Debug */ = {
			isa = XCBuildConfiguration;
			buildSettings = {
				ASSETCATALOG_COMPILER_APPICON_NAME = AppIcon;
				DEVELOPMENT_TEAM = VL7RZNELL8;
				INFOPLIST_FILE = Pokedex/Info.plist;
				LD_RUNPATH_SEARCH_PATHS = "$(inherited) @executable_path/Frameworks";
				PRODUCT_BUNDLE_IDENTIFIER = Whitaker.Anthony.Pokedex;
				PRODUCT_NAME = "$(TARGET_NAME)";
				SWIFT_VERSION = 3.0;
			};
			name = Debug;
		};
		928239E81DA4720E00D04DEC /* Release */ = {
			isa = XCBuildConfiguration;
			buildSettings = {
				ASSETCATALOG_COMPILER_APPICON_NAME = AppIcon;
				DEVELOPMENT_TEAM = VL7RZNELL8;
				INFOPLIST_FILE = Pokedex/Info.plist;
				LD_RUNPATH_SEARCH_PATHS = "$(inherited) @executable_path/Frameworks";
				PRODUCT_BUNDLE_IDENTIFIER = Whitaker.Anthony.Pokedex;
				PRODUCT_NAME = "$(TARGET_NAME)";
				SWIFT_VERSION = 3.0;
			};
			name = Release;
		};
/* End XCBuildConfiguration section */

/* Begin XCConfigurationList section */
		928239CC1DA4720D00D04DEC /* Build configuration list for PBXProject "Pokedex" */ = {
			isa = XCConfigurationList;
			buildConfigurations = (
				928239E41DA4720E00D04DEC /* Debug */,
				928239E51DA4720E00D04DEC /* Release */,
			);
			defaultConfigurationIsVisible = 0;
			defaultConfigurationName = Release;
		};
		928239E61DA4720E00D04DEC /* Build configuration list for PBXNativeTarget "Pokedex" */ = {
			isa = XCConfigurationList;
			buildConfigurations = (
				928239E71DA4720E00D04DEC /* Debug */,
				928239E81DA4720E00D04DEC /* Release */,
			);
			defaultConfigurationIsVisible = 0;
		};
/* End XCConfigurationList section */

/* Begin XCVersionGroup section */
		928239DB1DA4720E00D04DEC /* Pokedex.xcdatamodeld */ = {
			isa = XCVersionGroup;
			children = (
				928239DC1DA4720E00D04DEC /* Pokedex.xcdatamodel */,
			);
			currentVersion = 928239DC1DA4720E00D04DEC /* Pokedex.xcdatamodel */;
			path = Pokedex.xcdatamodeld;
			sourceTree = "<group>";
			versionGroupType = wrapper.xcdatamodel;
		};
/* End XCVersionGroup section */
	};
	rootObject = 928239C91DA4720D00D04DEC /* Project object */;
}
